
Microsoft Visual Studio Solution File, Format Version 12.00
# Visual Studio Version 16
VisualStudioVersion = 16.0.30621.155
MinimumVisualStudioVersion = 10.0.40219.1
Project("{FAE04EC0-301F-11D3-BF4B-00C04F79EFBC}") = "Palindrome", "Palindrome\Palindrome.csproj", "{BF4F0796-A4E2-4623-9F15-232712969361}"
EndProject
Project("{FAE04EC0-301F-11D3-BF4B-00C04F79EFBC}") = "Palindrome.Tests", "Palindrome.Tests\Palindrome.Tests.csproj", "{1722AF38-3958-44CF-9350-72BA22397741}"
EndProject
Global
	GlobalSection(SolutionConfigurationPlatforms) = preSolution
		Debug|Any CPU = Debug|Any CPU
		Release|Any CPU = Release|Any CPU
	EndGlobalSection
	GlobalSection(ProjectConfigurationPlatforms) = postSolution
		{BF4F0796-A4E2-4623-9F15-232712969361}.Debug|Any CPU.ActiveCfg = Debug|Any CPU
		{BF4F0796-A4E2-4623-9F15-232712969361}.Debug|Any CPU.Build.0 = Debug|Any CPU
		{BF4F0796-A4E2-4623-9F15-232712969361}.Release|Any CPU.ActiveCfg = Release|Any CPU
		{BF4F0796-A4E2-4623-9F15-232712969361}.Release|Any CPU.Build.0 = Release|Any CPU
		{1722AF38-3958-44CF-9350-72BA22397741}.Debug|Any CPU.ActiveCfg = Debug|Any CPU
		{1722AF38-3958-44CF-9350-72BA22397741}.Debug|Any CPU.Build.0 = Debug|Any CPU
		{1722AF38-3958-44CF-9350-72BA22397741}.Release|Any CPU.ActiveCfg = Release|Any CPU
		{1722AF38-3958-44CF-9350-72BA22397741}.Release|Any CPU.Build.0 = Release|Any CPU
	EndGlobalSection
	GlobalSection(SolutionProperties) = preSolution
		HideSolutionNode = FALSE
	EndGlobalSection
	GlobalSection(ExtensibilityGlobals) = postSolution
		SolutionGuid = {57BA41C5-D574-4077-A88F-7F41B984E468}
	EndGlobalSection
EndGlobal
